
Microsoft Visual Studio Solution File, Format Version 12.00
# Visual Studio Version 16
VisualStudioVersion = 16.0.30907.101
MinimumVisualStudioVersion = 10.0.40219.1
Project("{FAE04EC0-301F-11D3-BF4B-00C04F79EFBC}") = "Figury mierzalne - hierarchia klas i interfejsów", "Figury mierzalne - hierarchia klas i interfejsów\Figury mierzalne - hierarchia klas i interfejsów.csproj", "{3C2FF7D1-8A61-4AF6-8D20-4D353AC4FFAF}"
EndProject
Global
	GlobalSection(SolutionConfigurationPlatforms) = preSolution
		Debug|Any CPU = Debug|Any CPU
		Release|Any CPU = Release|Any CPU
	EndGlobalSection
	GlobalSection(ProjectConfigurationPlatforms) = postSolution
		{3C2FF7D1-8A61-4AF6-8D20-4D353AC4FFAF}.Debug|Any CPU.ActiveCfg = Debug|Any CPU
		{3C2FF7D1-8A61-4AF6-8D20-4D353AC4FFAF}.Debug|Any CPU.Build.0 = Debug|Any CPU
		{3C2FF7D1-8A61-4AF6-8D20-4D353AC4FFAF}.Release|Any CPU.ActiveCfg = Release|Any CPU
		{3C2FF7D1-8A61-4AF6-8D20-4D353AC4FFAF}.Release|Any CPU.Build.0 = Release|Any CPU
	EndGlobalSection
	GlobalSection(SolutionProperties) = preSolution
		HideSolutionNode = FALSE
	EndGlobalSection
	GlobalSection(ExtensibilityGlobals) = postSolution
		SolutionGuid = {76BE72C7-7267-4FA3-829C-50CB4407EE04}
	EndGlobalSection
EndGlobal
